
Microsoft Visual Studio Solution File, Format Version 12.00
# Visual Studio 15
VisualStudioVersion = 15.0.26124.0
MinimumVisualStudioVersion = 15.0.26124.0
Project("{FAE04EC0-301F-11D3-BF4B-00C04F79EFBC}") = "Ztm.WebApi", "Ztm.WebApi\Ztm.WebApi.csproj", "{8D9442DB-A3DA-4811-BDC3-F39FFB19CD7F}"
EndProject
Project("{FAE04EC0-301F-11D3-BF4B-00C04F79EFBC}") = "Ztm.Zcoin.Rpc", "Ztm.Zcoin.Rpc\Ztm.Zcoin.Rpc.csproj", "{7B5EFC2B-5CF5-4666-91CA-E1B13209CBBD}"
EndProject
Project("{FAE04EC0-301F-11D3-BF4B-00C04F79EFBC}") = "Ztm.Zcoin.NBitcoin", "Ztm.Zcoin.NBitcoin\Ztm.Zcoin.NBitcoin.csproj", "{DD945027-2128-402A-A41E-D29A3F245584}"
EndProject
Project("{FAE04EC0-301F-11D3-BF4B-00C04F79EFBC}") = "Ztm.Zcoin.NBitcoin.Tests", "Ztm.Zcoin.NBitcoin.Tests\Ztm.Zcoin.NBitcoin.Tests.csproj", "{D4009BC1-2C40-4C75-A32F-152E0178111C}"
EndProject
Project("{FAE04EC0-301F-11D3-BF4B-00C04F79EFBC}") = "Ztm.Zcoin.Rpc.Tests", "Ztm.Zcoin.Rpc.Tests\Ztm.Zcoin.Rpc.Tests.csproj", "{65F697CD-2E1E-4568-BEF2-4A26DC1A43C9}"
EndProject
Project("{FAE04EC0-301F-11D3-BF4B-00C04F79EFBC}") = "Ztm.Zcoin.Testing", "Ztm.Zcoin.Testing\Ztm.Zcoin.Testing.csproj", "{01AC451A-6C38-4C8F-B0AF-992E9613B362}"
EndProject
Global
	GlobalSection(SolutionConfigurationPlatforms) = preSolution
		Debug|Any CPU = Debug|Any CPU
		Debug|x64 = Debug|x64
		Debug|x86 = Debug|x86
		Release|Any CPU = Release|Any CPU
		Release|x64 = Release|x64
		Release|x86 = Release|x86
	EndGlobalSection
	GlobalSection(SolutionProperties) = preSolution
		HideSolutionNode = FALSE
	EndGlobalSection
	GlobalSection(ProjectConfigurationPlatforms) = postSolution
		{8D9442DB-A3DA-4811-BDC3-F39FFB19CD7F}.Debug|Any CPU.ActiveCfg = Debug|Any CPU
		{8D9442DB-A3DA-4811-BDC3-F39FFB19CD7F}.Debug|Any CPU.Build.0 = Debug|Any CPU
		{8D9442DB-A3DA-4811-BDC3-F39FFB19CD7F}.Debug|x64.ActiveCfg = Debug|Any CPU
		{8D9442DB-A3DA-4811-BDC3-F39FFB19CD7F}.Debug|x64.Build.0 = Debug|Any CPU
		{8D9442DB-A3DA-4811-BDC3-F39FFB19CD7F}.Debug|x86.ActiveCfg = Debug|Any CPU
		{8D9442DB-A3DA-4811-BDC3-F39FFB19CD7F}.Debug|x86.Build.0 = Debug|Any CPU
		{8D9442DB-A3DA-4811-BDC3-F39FFB19CD7F}.Release|Any CPU.ActiveCfg = Release|Any CPU
		{8D9442DB-A3DA-4811-BDC3-F39FFB19CD7F}.Release|Any CPU.Build.0 = Release|Any CPU
		{8D9442DB-A3DA-4811-BDC3-F39FFB19CD7F}.Release|x64.ActiveCfg = Release|Any CPU
		{8D9442DB-A3DA-4811-BDC3-F39FFB19CD7F}.Release|x64.Build.0 = Release|Any CPU
		{8D9442DB-A3DA-4811-BDC3-F39FFB19CD7F}.Release|x86.ActiveCfg = Release|Any CPU
		{8D9442DB-A3DA-4811-BDC3-F39FFB19CD7F}.Release|x86.Build.0 = Release|Any CPU
		{7B5EFC2B-5CF5-4666-91CA-E1B13209CBBD}.Debug|Any CPU.ActiveCfg = Debug|Any CPU
		{7B5EFC2B-5CF5-4666-91CA-E1B13209CBBD}.Debug|Any CPU.Build.0 = Debug|Any CPU
		{7B5EFC2B-5CF5-4666-91CA-E1B13209CBBD}.Debug|x64.ActiveCfg = Debug|Any CPU
		{7B5EFC2B-5CF5-4666-91CA-E1B13209CBBD}.Debug|x64.Build.0 = Debug|Any CPU
		{7B5EFC2B-5CF5-4666-91CA-E1B13209CBBD}.Debug|x86.ActiveCfg = Debug|Any CPU
		{7B5EFC2B-5CF5-4666-91CA-E1B13209CBBD}.Debug|x86.Build.0 = Debug|Any CPU
		{7B5EFC2B-5CF5-4666-91CA-E1B13209CBBD}.Release|Any CPU.ActiveCfg = Release|Any CPU
		{7B5EFC2B-5CF5-4666-91CA-E1B13209CBBD}.Release|Any CPU.Build.0 = Release|Any CPU
		{7B5EFC2B-5CF5-4666-91CA-E1B13209CBBD}.Release|x64.ActiveCfg = Release|Any CPU
		{7B5EFC2B-5CF5-4666-91CA-E1B13209CBBD}.Release|x64.Build.0 = Release|Any CPU
		{7B5EFC2B-5CF5-4666-91CA-E1B13209CBBD}.Release|x86.ActiveCfg = Release|Any CPU
		{7B5EFC2B-5CF5-4666-91CA-E1B13209CBBD}.Release|x86.Build.0 = Release|Any CPU
		{DD945027-2128-402A-A41E-D29A3F245584}.Debug|Any CPU.ActiveCfg = Debug|Any CPU
		{DD945027-2128-402A-A41E-D29A3F245584}.Debug|Any CPU.Build.0 = Debug|Any CPU
		{DD945027-2128-402A-A41E-D29A3F245584}.Debug|x64.ActiveCfg = Debug|Any CPU
		{DD945027-2128-402A-A41E-D29A3F245584}.Debug|x64.Build.0 = Debug|Any CPU
		{DD945027-2128-402A-A41E-D29A3F245584}.Debug|x86.ActiveCfg = Debug|Any CPU
		{DD945027-2128-402A-A41E-D29A3F245584}.Debug|x86.Build.0 = Debug|Any CPU
		{DD945027-2128-402A-A41E-D29A3F245584}.Release|Any CPU.ActiveCfg = Release|Any CPU
		{DD945027-2128-402A-A41E-D29A3F245584}.Release|Any CPU.Build.0 = Release|Any CPU
		{DD945027-2128-402A-A41E-D29A3F245584}.Release|x64.ActiveCfg = Release|Any CPU
		{DD945027-2128-402A-A41E-D29A3F245584}.Release|x64.Build.0 = Release|Any CPU
		{DD945027-2128-402A-A41E-D29A3F245584}.Release|x86.ActiveCfg = Release|Any CPU
		{DD945027-2128-402A-A41E-D29A3F245584}.Release|x86.Build.0 = Release|Any CPU
		{D4009BC1-2C40-4C75-A32F-152E0178111C}.Debug|Any CPU.ActiveCfg = Debug|Any CPU
		{D4009BC1-2C40-4C75-A32F-152E0178111C}.Debug|Any CPU.Build.0 = Debug|Any CPU
		{D4009BC1-2C40-4C75-A32F-152E0178111C}.Debug|x64.ActiveCfg = Debug|Any CPU
		{D4009BC1-2C40-4C75-A32F-152E0178111C}.Debug|x64.Build.0 = Debug|Any CPU
		{D4009BC1-2C40-4C75-A32F-152E0178111C}.Debug|x86.ActiveCfg = Debug|Any CPU
		{D4009BC1-2C40-4C75-A32F-152E0178111C}.Debug|x86.Build.0 = Debug|Any CPU
		{D4009BC1-2C40-4C75-A32F-152E0178111C}.Release|Any CPU.ActiveCfg = Release|Any CPU
		{D4009BC1-2C40-4C75-A32F-152E0178111C}.Release|Any CPU.Build.0 = Release|Any CPU
		{D4009BC1-2C40-4C75-A32F-152E0178111C}.Release|x64.ActiveCfg = Release|Any CPU
		{D4009BC1-2C40-4C75-A32F-152E0178111C}.Release|x64.Build.0 = Release|Any CPU
		{D4009BC1-2C40-4C75-A32F-152E0178111C}.Release|x86.ActiveCfg = Release|Any CPU
		{D4009BC1-2C40-4C75-A32F-152E0178111C}.Release|x86.Build.0 = Release|Any CPU
		{65F697CD-2E1E-4568-BEF2-4A26DC1A43C9}.Debug|Any CPU.ActiveCfg = Debug|Any CPU
		{65F697CD-2E1E-4568-BEF2-4A26DC1A43C9}.Debug|Any CPU.Build.0 = Debug|Any CPU
		{65F697CD-2E1E-4568-BEF2-4A26DC1A43C9}.Debug|x64.ActiveCfg = Debug|Any CPU
		{65F697CD-2E1E-4568-BEF2-4A26DC1A43C9}.Debug|x64.Build.0 = Debug|Any CPU
		{65F697CD-2E1E-4568-BEF2-4A26DC1A43C9}.Debug|x86.ActiveCfg = Debug|Any CPU
		{65F697CD-2E1E-4568-BEF2-4A26DC1A43C9}.Debug|x86.Build.0 = Debug|Any CPU
		{65F697CD-2E1E-4568-BEF2-4A26DC1A43C9}.Release|Any CPU.ActiveCfg = Release|Any CPU
		{65F697CD-2E1E-4568-BEF2-4A26DC1A43C9}.Release|Any CPU.Build.0 = Release|Any CPU
		{65F697CD-2E1E-4568-BEF2-4A26DC1A43C9}.Release|x64.ActiveCfg = Release|Any CPU
		{65F697CD-2E1E-4568-BEF2-4A26DC1A43C9}.Release|x64.Build.0 = Release|Any CPU
		{65F697CD-2E1E-4568-BEF2-4A26DC1A43C9}.Release|x86.ActiveCfg = Release|Any CPU
		{65F697CD-2E1E-4568-BEF2-4A26DC1A43C9}.Release|x86.Build.0 = Release|Any CPU
		{01AC451A-6C38-4C8F-B0AF-992E9613B362}.Debug|Any CPU.ActiveCfg = Debug|Any CPU
		{01AC451A-6C38-4C8F-B0AF-992E9613B362}.Debug|Any CPU.Build.0 = Debug|Any CPU
		{01AC451A-6C38-4C8F-B0AF-992E9613B362}.Debug|x64.ActiveCfg = Debug|Any CPU
		{01AC451A-6C38-4C8F-B0AF-992E9613B362}.Debug|x64.Build.0 = Debug|Any CPU
		{01AC451A-6C38-4C8F-B0AF-992E9613B362}.Debug|x86.ActiveCfg = Debug|Any CPU
		{01AC451A-6C38-4C8F-B0AF-992E9613B362}.Debug|x86.Build.0 = Debug|Any CPU
		{01AC451A-6C38-4C8F-B0AF-992E9613B362}.Release|Any CPU.ActiveCfg = Release|Any CPU
		{01AC451A-6C38-4C8F-B0AF-992E9613B362}.Release|Any CPU.Build.0 = Release|Any CPU
		{01AC451A-6C38-4C8F-B0AF-992E9613B362}.Release|x64.ActiveCfg = Release|Any CPU
		{01AC451A-6C38-4C8F-B0AF-992E9613B362}.Release|x64.Build.0 = Release|Any CPU
		{01AC451A-6C38-4C8F-B0AF-992E9613B362}.Release|x86.ActiveCfg = Release|Any CPU
		{01AC451A-6C38-4C8F-B0AF-992E9613B362}.Release|x86.Build.0 = Release|Any CPU
	EndGlobalSection
EndGlobal
