
Microsoft Visual Studio Solution File, Format Version 12.00
# Visual Studio 15
VisualStudioVersion = 15.0.26124.0
MinimumVisualStudioVersion = 15.0.26124.0
Project("{FAE04EC0-301F-11D3-BF4B-00C04F79EFBC}") = "Ztm.WebApi", "Ztm.WebApi\Ztm.WebApi.csproj", "{8D9442DB-A3DA-4811-BDC3-F39FFB19CD7F}"
EndProject
Project("{FAE04EC0-301F-11D3-BF4B-00C04F79EFBC}") = "Ztm.Zcoin.Rpc", "Ztm.Zcoin.Rpc\Ztm.Zcoin.Rpc.csproj", "{7B5EFC2B-5CF5-4666-91CA-E1B13209CBBD}"
EndProject
Project("{FAE04EC0-301F-11D3-BF4B-00C04F79EFBC}") = "Ztm.Zcoin.NBitcoin", "Ztm.Zcoin.NBitcoin\Ztm.Zcoin.NBitcoin.csproj", "{DD945027-2128-402A-A41E-D29A3F245584}"
EndProject
Project("{FAE04EC0-301F-11D3-BF4B-00C04F79EFBC}") = "Ztm.Zcoin.NBitcoin.Tests", "Ztm.Zcoin.NBitcoin.Tests\Ztm.Zcoin.NBitcoin.Tests.csproj", "{D4009BC1-2C40-4C75-A32F-152E0178111C}"
EndProject
Project("{FAE04EC0-301F-11D3-BF4B-00C04F79EFBC}") = "Ztm.Zcoin.Rpc.Tests", "Ztm.Zcoin.Rpc.Tests\Ztm.Zcoin.Rpc.Tests.csproj", "{65F697CD-2E1E-4568-BEF2-4A26DC1A43C9}"
EndProject
Project("{FAE04EC0-301F-11D3-BF4B-00C04F79EFBC}") = "Ztm.Zcoin.Testing", "Ztm.Zcoin.Testing\Ztm.Zcoin.Testing.csproj", "{01AC451A-6C38-4C8F-B0AF-992E9613B362}"
EndProject
Project("{FAE04EC0-301F-11D3-BF4B-00C04F79EFBC}") = "Ztm.Configuration", "Ztm.Configuration\Ztm.Configuration.csproj", "{37FD1010-E202-4CAA-8301-3E50B38AEDFA}"
EndProject
Project("{FAE04EC0-301F-11D3-BF4B-00C04F79EFBC}") = "Ztm.Configuration.Tests", "Ztm.Configuration.Tests\Ztm.Configuration.Tests.csproj", "{5E4A7920-17B1-40C1-A900-D7A7154578B0}"
EndProject
Project("{FAE04EC0-301F-11D3-BF4B-00C04F79EFBC}") = "Ztm.Data.Entity", "Ztm.Data.Entity\Ztm.Data.Entity.csproj", "{311DA738-CC11-4CDE-884D-3F8537F9D777}"
EndProject
Project("{FAE04EC0-301F-11D3-BF4B-00C04F79EFBC}") = "Ztm.Data.Entity.Postgres", "Ztm.Data.Entity.Postgres\Ztm.Data.Entity.Postgres.csproj", "{2F52A5BE-0DD9-41EE-91D3-3FE17D5B2644}"
EndProject
Project("{FAE04EC0-301F-11D3-BF4B-00C04F79EFBC}") = "Ztm.Data.Entity.Tests", "Ztm.Data.Entity.Tests\Ztm.Data.Entity.Tests.csproj", "{A83269F8-8FE6-4BA2-8451-A5C5F7E78C35}"
EndProject
Project("{FAE04EC0-301F-11D3-BF4B-00C04F79EFBC}") = "Ztm.ObjectModel", "Ztm.ObjectModel\Ztm.ObjectModel.csproj", "{5E78A105-6968-446A-83C2-07F6B9D505A4}"
EndProject
Project("{FAE04EC0-301F-11D3-BF4B-00C04F79EFBC}") = "Ztm.Zcoin.Synchronization", "Ztm.Zcoin.Synchronization\Ztm.Zcoin.Synchronization.csproj", "{70B8F1DB-17D9-47F8-BB0C-6607FCEAD785}"
EndProject
Project("{FAE04EC0-301F-11D3-BF4B-00C04F79EFBC}") = "Ztm.Zcoin.Synchronization.Tests", "Ztm.Zcoin.Synchronization.Tests\Ztm.Zcoin.Synchronization.Tests.csproj", "{2D729C3B-7693-436C-9145-3AAF7C01B711}"
EndProject
Project("{FAE04EC0-301F-11D3-BF4B-00C04F79EFBC}") = "Ztm.ObjectModel.Tests", "Ztm.ObjectModel.Tests\Ztm.ObjectModel.Tests.csproj", "{B796FB31-07F0-44A4-9AD7-EEDCFAE6509C}"
EndProject
Project("{FAE04EC0-301F-11D3-BF4B-00C04F79EFBC}") = "Ztm.Data.Entity.Testing", "Ztm.Data.Entity.Testing\Ztm.Data.Entity.Testing.csproj", "{0C9B4573-E7CB-446B-A029-F0222D513C5F}"
EndProject
Project("{FAE04EC0-301F-11D3-BF4B-00C04F79EFBC}") = "Ztm.Threading", "Ztm.Threading\Ztm.Threading.csproj", "{0FA0E019-EF6E-46E6-B6BE-6C710F5E3FF1}"
EndProject
Project("{FAE04EC0-301F-11D3-BF4B-00C04F79EFBC}") = "Ztm.Threading.Tests", "Ztm.Threading.Tests\Ztm.Threading.Tests.csproj", "{4818D5FD-D03E-4A65-8420-A9BBF857E2D6}"
EndProject
Project("{FAE04EC0-301F-11D3-BF4B-00C04F79EFBC}") = "Ztm.WebApi.Tests", "Ztm.WebApi.Tests\Ztm.WebApi.Tests.csproj", "{8856FAF5-1581-4294-A71D-BA3558E5828E}"
EndProject
Project("{FAE04EC0-301F-11D3-BF4B-00C04F79EFBC}") = "Ztm.Zcoin.Watching", "Ztm.Zcoin.Watching\Ztm.Zcoin.Watching.csproj", "{230AF496-F0D8-43EF-BC93-386527CBC1C0}"
EndProject
Project("{FAE04EC0-301F-11D3-BF4B-00C04F79EFBC}") = "Ztm.Zcoin.Watching.Tests", "Ztm.Zcoin.Watching.Tests\Ztm.Zcoin.Watching.Tests.csproj", "{171B6AB3-E2A8-438C-BD01-293DBB490A48}"
EndProject
Project("{FAE04EC0-301F-11D3-BF4B-00C04F79EFBC}") = "Ztm.Testing", "Ztm.Testing\Ztm.Testing.csproj", "{5E5F8B69-993F-4330-8582-542EC48C3B69}"
EndProject
Project("{FAE04EC0-301F-11D3-BF4B-00C04F79EFBC}") = "Ztm.EndToEndTests", "Ztm.EndToEndTests\Ztm.EndToEndTests.csproj", "{CE744874-4649-4133-B67E-C13CBEF59C5E}"
EndProject
Project("{FAE04EC0-301F-11D3-BF4B-00C04F79EFBC}") = "Ztm.Hosting", "Ztm.Hosting\Ztm.Hosting.csproj", "{8D0FE3A4-B731-4257-8DF5-63F8D985D7E5}"
EndProject
Project("{FAE04EC0-301F-11D3-BF4B-00C04F79EFBC}") = "Ztm.Hosting.Tests", "Ztm.Hosting.Tests\Ztm.Hosting.Tests.csproj", "{1D46D53D-E727-41D7-9294-0E8761F2E615}"
EndProject
Project("{FAE04EC0-301F-11D3-BF4B-00C04F79EFBC}") = "Ztm.Hosting.AspNetCore", "Ztm.Hosting.AspNetCore\Ztm.Hosting.AspNetCore.csproj", "{FC3AC95C-E4E0-44CB-855E-F9C0DF52625F}"
EndProject
Project("{FAE04EC0-301F-11D3-BF4B-00C04F79EFBC}") = "Ztm.Hosting.AspNetCore.Tests", "Ztm.Hosting.AspNetCore.Tests\Ztm.Hosting.AspNetCore.Tests.csproj", "{7E697A37-B74C-480C-9FF6-F979C7DCF315}"
EndProject
Project("{FAE04EC0-301F-11D3-BF4B-00C04F79EFBC}") = "Ztm.Data.Entity.Postgres.Tests", "Ztm.Data.Entity.Postgres.Tests\Ztm.Data.Entity.Postgres.Tests.csproj", "{79AA409F-5084-462E-A47B-F81F04176632}"
EndProject
Global
	GlobalSection(SolutionConfigurationPlatforms) = preSolution
		Debug|Any CPU = Debug|Any CPU
		Debug|x64 = Debug|x64
		Debug|x86 = Debug|x86
		Release|Any CPU = Release|Any CPU
		Release|x64 = Release|x64
		Release|x86 = Release|x86
	EndGlobalSection
	GlobalSection(SolutionProperties) = preSolution
		HideSolutionNode = FALSE
	EndGlobalSection
	GlobalSection(ProjectConfigurationPlatforms) = postSolution
		{8D9442DB-A3DA-4811-BDC3-F39FFB19CD7F}.Debug|Any CPU.ActiveCfg = Debug|Any CPU
		{8D9442DB-A3DA-4811-BDC3-F39FFB19CD7F}.Debug|Any CPU.Build.0 = Debug|Any CPU
		{8D9442DB-A3DA-4811-BDC3-F39FFB19CD7F}.Debug|x64.ActiveCfg = Debug|Any CPU
		{8D9442DB-A3DA-4811-BDC3-F39FFB19CD7F}.Debug|x64.Build.0 = Debug|Any CPU
		{8D9442DB-A3DA-4811-BDC3-F39FFB19CD7F}.Debug|x86.ActiveCfg = Debug|Any CPU
		{8D9442DB-A3DA-4811-BDC3-F39FFB19CD7F}.Debug|x86.Build.0 = Debug|Any CPU
		{8D9442DB-A3DA-4811-BDC3-F39FFB19CD7F}.Release|Any CPU.ActiveCfg = Release|Any CPU
		{8D9442DB-A3DA-4811-BDC3-F39FFB19CD7F}.Release|Any CPU.Build.0 = Release|Any CPU
		{8D9442DB-A3DA-4811-BDC3-F39FFB19CD7F}.Release|x64.ActiveCfg = Release|Any CPU
		{8D9442DB-A3DA-4811-BDC3-F39FFB19CD7F}.Release|x64.Build.0 = Release|Any CPU
		{8D9442DB-A3DA-4811-BDC3-F39FFB19CD7F}.Release|x86.ActiveCfg = Release|Any CPU
		{8D9442DB-A3DA-4811-BDC3-F39FFB19CD7F}.Release|x86.Build.0 = Release|Any CPU
		{7B5EFC2B-5CF5-4666-91CA-E1B13209CBBD}.Debug|Any CPU.ActiveCfg = Debug|Any CPU
		{7B5EFC2B-5CF5-4666-91CA-E1B13209CBBD}.Debug|Any CPU.Build.0 = Debug|Any CPU
		{7B5EFC2B-5CF5-4666-91CA-E1B13209CBBD}.Debug|x64.ActiveCfg = Debug|Any CPU
		{7B5EFC2B-5CF5-4666-91CA-E1B13209CBBD}.Debug|x64.Build.0 = Debug|Any CPU
		{7B5EFC2B-5CF5-4666-91CA-E1B13209CBBD}.Debug|x86.ActiveCfg = Debug|Any CPU
		{7B5EFC2B-5CF5-4666-91CA-E1B13209CBBD}.Debug|x86.Build.0 = Debug|Any CPU
		{7B5EFC2B-5CF5-4666-91CA-E1B13209CBBD}.Release|Any CPU.ActiveCfg = Release|Any CPU
		{7B5EFC2B-5CF5-4666-91CA-E1B13209CBBD}.Release|Any CPU.Build.0 = Release|Any CPU
		{7B5EFC2B-5CF5-4666-91CA-E1B13209CBBD}.Release|x64.ActiveCfg = Release|Any CPU
		{7B5EFC2B-5CF5-4666-91CA-E1B13209CBBD}.Release|x64.Build.0 = Release|Any CPU
		{7B5EFC2B-5CF5-4666-91CA-E1B13209CBBD}.Release|x86.ActiveCfg = Release|Any CPU
		{7B5EFC2B-5CF5-4666-91CA-E1B13209CBBD}.Release|x86.Build.0 = Release|Any CPU
		{DD945027-2128-402A-A41E-D29A3F245584}.Debug|Any CPU.ActiveCfg = Debug|Any CPU
		{DD945027-2128-402A-A41E-D29A3F245584}.Debug|Any CPU.Build.0 = Debug|Any CPU
		{DD945027-2128-402A-A41E-D29A3F245584}.Debug|x64.ActiveCfg = Debug|Any CPU
		{DD945027-2128-402A-A41E-D29A3F245584}.Debug|x64.Build.0 = Debug|Any CPU
		{DD945027-2128-402A-A41E-D29A3F245584}.Debug|x86.ActiveCfg = Debug|Any CPU
		{DD945027-2128-402A-A41E-D29A3F245584}.Debug|x86.Build.0 = Debug|Any CPU
		{DD945027-2128-402A-A41E-D29A3F245584}.Release|Any CPU.ActiveCfg = Release|Any CPU
		{DD945027-2128-402A-A41E-D29A3F245584}.Release|Any CPU.Build.0 = Release|Any CPU
		{DD945027-2128-402A-A41E-D29A3F245584}.Release|x64.ActiveCfg = Release|Any CPU
		{DD945027-2128-402A-A41E-D29A3F245584}.Release|x64.Build.0 = Release|Any CPU
		{DD945027-2128-402A-A41E-D29A3F245584}.Release|x86.ActiveCfg = Release|Any CPU
		{DD945027-2128-402A-A41E-D29A3F245584}.Release|x86.Build.0 = Release|Any CPU
		{D4009BC1-2C40-4C75-A32F-152E0178111C}.Debug|Any CPU.ActiveCfg = Debug|Any CPU
		{D4009BC1-2C40-4C75-A32F-152E0178111C}.Debug|Any CPU.Build.0 = Debug|Any CPU
		{D4009BC1-2C40-4C75-A32F-152E0178111C}.Debug|x64.ActiveCfg = Debug|Any CPU
		{D4009BC1-2C40-4C75-A32F-152E0178111C}.Debug|x64.Build.0 = Debug|Any CPU
		{D4009BC1-2C40-4C75-A32F-152E0178111C}.Debug|x86.ActiveCfg = Debug|Any CPU
		{D4009BC1-2C40-4C75-A32F-152E0178111C}.Debug|x86.Build.0 = Debug|Any CPU
		{D4009BC1-2C40-4C75-A32F-152E0178111C}.Release|Any CPU.ActiveCfg = Release|Any CPU
		{D4009BC1-2C40-4C75-A32F-152E0178111C}.Release|Any CPU.Build.0 = Release|Any CPU
		{D4009BC1-2C40-4C75-A32F-152E0178111C}.Release|x64.ActiveCfg = Release|Any CPU
		{D4009BC1-2C40-4C75-A32F-152E0178111C}.Release|x64.Build.0 = Release|Any CPU
		{D4009BC1-2C40-4C75-A32F-152E0178111C}.Release|x86.ActiveCfg = Release|Any CPU
		{D4009BC1-2C40-4C75-A32F-152E0178111C}.Release|x86.Build.0 = Release|Any CPU
		{65F697CD-2E1E-4568-BEF2-4A26DC1A43C9}.Debug|Any CPU.ActiveCfg = Debug|Any CPU
		{65F697CD-2E1E-4568-BEF2-4A26DC1A43C9}.Debug|Any CPU.Build.0 = Debug|Any CPU
		{65F697CD-2E1E-4568-BEF2-4A26DC1A43C9}.Debug|x64.ActiveCfg = Debug|Any CPU
		{65F697CD-2E1E-4568-BEF2-4A26DC1A43C9}.Debug|x64.Build.0 = Debug|Any CPU
		{65F697CD-2E1E-4568-BEF2-4A26DC1A43C9}.Debug|x86.ActiveCfg = Debug|Any CPU
		{65F697CD-2E1E-4568-BEF2-4A26DC1A43C9}.Debug|x86.Build.0 = Debug|Any CPU
		{65F697CD-2E1E-4568-BEF2-4A26DC1A43C9}.Release|Any CPU.ActiveCfg = Release|Any CPU
		{65F697CD-2E1E-4568-BEF2-4A26DC1A43C9}.Release|Any CPU.Build.0 = Release|Any CPU
		{65F697CD-2E1E-4568-BEF2-4A26DC1A43C9}.Release|x64.ActiveCfg = Release|Any CPU
		{65F697CD-2E1E-4568-BEF2-4A26DC1A43C9}.Release|x64.Build.0 = Release|Any CPU
		{65F697CD-2E1E-4568-BEF2-4A26DC1A43C9}.Release|x86.ActiveCfg = Release|Any CPU
		{65F697CD-2E1E-4568-BEF2-4A26DC1A43C9}.Release|x86.Build.0 = Release|Any CPU
		{01AC451A-6C38-4C8F-B0AF-992E9613B362}.Debug|Any CPU.ActiveCfg = Debug|Any CPU
		{01AC451A-6C38-4C8F-B0AF-992E9613B362}.Debug|Any CPU.Build.0 = Debug|Any CPU
		{01AC451A-6C38-4C8F-B0AF-992E9613B362}.Debug|x64.ActiveCfg = Debug|Any CPU
		{01AC451A-6C38-4C8F-B0AF-992E9613B362}.Debug|x64.Build.0 = Debug|Any CPU
		{01AC451A-6C38-4C8F-B0AF-992E9613B362}.Debug|x86.ActiveCfg = Debug|Any CPU
		{01AC451A-6C38-4C8F-B0AF-992E9613B362}.Debug|x86.Build.0 = Debug|Any CPU
		{01AC451A-6C38-4C8F-B0AF-992E9613B362}.Release|Any CPU.ActiveCfg = Release|Any CPU
		{01AC451A-6C38-4C8F-B0AF-992E9613B362}.Release|Any CPU.Build.0 = Release|Any CPU
		{01AC451A-6C38-4C8F-B0AF-992E9613B362}.Release|x64.ActiveCfg = Release|Any CPU
		{01AC451A-6C38-4C8F-B0AF-992E9613B362}.Release|x64.Build.0 = Release|Any CPU
		{01AC451A-6C38-4C8F-B0AF-992E9613B362}.Release|x86.ActiveCfg = Release|Any CPU
		{01AC451A-6C38-4C8F-B0AF-992E9613B362}.Release|x86.Build.0 = Release|Any CPU
		{37FD1010-E202-4CAA-8301-3E50B38AEDFA}.Debug|Any CPU.ActiveCfg = Debug|Any CPU
		{37FD1010-E202-4CAA-8301-3E50B38AEDFA}.Debug|Any CPU.Build.0 = Debug|Any CPU
		{37FD1010-E202-4CAA-8301-3E50B38AEDFA}.Debug|x64.ActiveCfg = Debug|Any CPU
		{37FD1010-E202-4CAA-8301-3E50B38AEDFA}.Debug|x64.Build.0 = Debug|Any CPU
		{37FD1010-E202-4CAA-8301-3E50B38AEDFA}.Debug|x86.ActiveCfg = Debug|Any CPU
		{37FD1010-E202-4CAA-8301-3E50B38AEDFA}.Debug|x86.Build.0 = Debug|Any CPU
		{37FD1010-E202-4CAA-8301-3E50B38AEDFA}.Release|Any CPU.ActiveCfg = Release|Any CPU
		{37FD1010-E202-4CAA-8301-3E50B38AEDFA}.Release|Any CPU.Build.0 = Release|Any CPU
		{37FD1010-E202-4CAA-8301-3E50B38AEDFA}.Release|x64.ActiveCfg = Release|Any CPU
		{37FD1010-E202-4CAA-8301-3E50B38AEDFA}.Release|x64.Build.0 = Release|Any CPU
		{37FD1010-E202-4CAA-8301-3E50B38AEDFA}.Release|x86.ActiveCfg = Release|Any CPU
		{37FD1010-E202-4CAA-8301-3E50B38AEDFA}.Release|x86.Build.0 = Release|Any CPU
		{5E4A7920-17B1-40C1-A900-D7A7154578B0}.Debug|Any CPU.ActiveCfg = Debug|Any CPU
		{5E4A7920-17B1-40C1-A900-D7A7154578B0}.Debug|Any CPU.Build.0 = Debug|Any CPU
		{5E4A7920-17B1-40C1-A900-D7A7154578B0}.Debug|x64.ActiveCfg = Debug|Any CPU
		{5E4A7920-17B1-40C1-A900-D7A7154578B0}.Debug|x64.Build.0 = Debug|Any CPU
		{5E4A7920-17B1-40C1-A900-D7A7154578B0}.Debug|x86.ActiveCfg = Debug|Any CPU
		{5E4A7920-17B1-40C1-A900-D7A7154578B0}.Debug|x86.Build.0 = Debug|Any CPU
		{5E4A7920-17B1-40C1-A900-D7A7154578B0}.Release|Any CPU.ActiveCfg = Release|Any CPU
		{5E4A7920-17B1-40C1-A900-D7A7154578B0}.Release|Any CPU.Build.0 = Release|Any CPU
		{5E4A7920-17B1-40C1-A900-D7A7154578B0}.Release|x64.ActiveCfg = Release|Any CPU
		{5E4A7920-17B1-40C1-A900-D7A7154578B0}.Release|x64.Build.0 = Release|Any CPU
		{5E4A7920-17B1-40C1-A900-D7A7154578B0}.Release|x86.ActiveCfg = Release|Any CPU
		{5E4A7920-17B1-40C1-A900-D7A7154578B0}.Release|x86.Build.0 = Release|Any CPU
		{311DA738-CC11-4CDE-884D-3F8537F9D777}.Debug|Any CPU.ActiveCfg = Debug|Any CPU
		{311DA738-CC11-4CDE-884D-3F8537F9D777}.Debug|Any CPU.Build.0 = Debug|Any CPU
		{311DA738-CC11-4CDE-884D-3F8537F9D777}.Debug|x64.ActiveCfg = Debug|Any CPU
		{311DA738-CC11-4CDE-884D-3F8537F9D777}.Debug|x64.Build.0 = Debug|Any CPU
		{311DA738-CC11-4CDE-884D-3F8537F9D777}.Debug|x86.ActiveCfg = Debug|Any CPU
		{311DA738-CC11-4CDE-884D-3F8537F9D777}.Debug|x86.Build.0 = Debug|Any CPU
		{311DA738-CC11-4CDE-884D-3F8537F9D777}.Release|Any CPU.ActiveCfg = Release|Any CPU
		{311DA738-CC11-4CDE-884D-3F8537F9D777}.Release|Any CPU.Build.0 = Release|Any CPU
		{311DA738-CC11-4CDE-884D-3F8537F9D777}.Release|x64.ActiveCfg = Release|Any CPU
		{311DA738-CC11-4CDE-884D-3F8537F9D777}.Release|x64.Build.0 = Release|Any CPU
		{311DA738-CC11-4CDE-884D-3F8537F9D777}.Release|x86.ActiveCfg = Release|Any CPU
		{311DA738-CC11-4CDE-884D-3F8537F9D777}.Release|x86.Build.0 = Release|Any CPU
		{2F52A5BE-0DD9-41EE-91D3-3FE17D5B2644}.Debug|Any CPU.ActiveCfg = Debug|Any CPU
		{2F52A5BE-0DD9-41EE-91D3-3FE17D5B2644}.Debug|Any CPU.Build.0 = Debug|Any CPU
		{2F52A5BE-0DD9-41EE-91D3-3FE17D5B2644}.Debug|x64.ActiveCfg = Debug|Any CPU
		{2F52A5BE-0DD9-41EE-91D3-3FE17D5B2644}.Debug|x64.Build.0 = Debug|Any CPU
		{2F52A5BE-0DD9-41EE-91D3-3FE17D5B2644}.Debug|x86.ActiveCfg = Debug|Any CPU
		{2F52A5BE-0DD9-41EE-91D3-3FE17D5B2644}.Debug|x86.Build.0 = Debug|Any CPU
		{2F52A5BE-0DD9-41EE-91D3-3FE17D5B2644}.Release|Any CPU.ActiveCfg = Release|Any CPU
		{2F52A5BE-0DD9-41EE-91D3-3FE17D5B2644}.Release|Any CPU.Build.0 = Release|Any CPU
		{2F52A5BE-0DD9-41EE-91D3-3FE17D5B2644}.Release|x64.ActiveCfg = Release|Any CPU
		{2F52A5BE-0DD9-41EE-91D3-3FE17D5B2644}.Release|x64.Build.0 = Release|Any CPU
		{2F52A5BE-0DD9-41EE-91D3-3FE17D5B2644}.Release|x86.ActiveCfg = Release|Any CPU
		{2F52A5BE-0DD9-41EE-91D3-3FE17D5B2644}.Release|x86.Build.0 = Release|Any CPU
		{A83269F8-8FE6-4BA2-8451-A5C5F7E78C35}.Debug|Any CPU.ActiveCfg = Debug|Any CPU
		{A83269F8-8FE6-4BA2-8451-A5C5F7E78C35}.Debug|Any CPU.Build.0 = Debug|Any CPU
		{A83269F8-8FE6-4BA2-8451-A5C5F7E78C35}.Debug|x64.ActiveCfg = Debug|Any CPU
		{A83269F8-8FE6-4BA2-8451-A5C5F7E78C35}.Debug|x64.Build.0 = Debug|Any CPU
		{A83269F8-8FE6-4BA2-8451-A5C5F7E78C35}.Debug|x86.ActiveCfg = Debug|Any CPU
		{A83269F8-8FE6-4BA2-8451-A5C5F7E78C35}.Debug|x86.Build.0 = Debug|Any CPU
		{A83269F8-8FE6-4BA2-8451-A5C5F7E78C35}.Release|Any CPU.ActiveCfg = Release|Any CPU
		{A83269F8-8FE6-4BA2-8451-A5C5F7E78C35}.Release|Any CPU.Build.0 = Release|Any CPU
		{A83269F8-8FE6-4BA2-8451-A5C5F7E78C35}.Release|x64.ActiveCfg = Release|Any CPU
		{A83269F8-8FE6-4BA2-8451-A5C5F7E78C35}.Release|x64.Build.0 = Release|Any CPU
		{A83269F8-8FE6-4BA2-8451-A5C5F7E78C35}.Release|x86.ActiveCfg = Release|Any CPU
		{A83269F8-8FE6-4BA2-8451-A5C5F7E78C35}.Release|x86.Build.0 = Release|Any CPU
		{5E78A105-6968-446A-83C2-07F6B9D505A4}.Debug|Any CPU.ActiveCfg = Debug|Any CPU
		{5E78A105-6968-446A-83C2-07F6B9D505A4}.Debug|Any CPU.Build.0 = Debug|Any CPU
		{5E78A105-6968-446A-83C2-07F6B9D505A4}.Debug|x64.ActiveCfg = Debug|Any CPU
		{5E78A105-6968-446A-83C2-07F6B9D505A4}.Debug|x64.Build.0 = Debug|Any CPU
		{5E78A105-6968-446A-83C2-07F6B9D505A4}.Debug|x86.ActiveCfg = Debug|Any CPU
		{5E78A105-6968-446A-83C2-07F6B9D505A4}.Debug|x86.Build.0 = Debug|Any CPU
		{5E78A105-6968-446A-83C2-07F6B9D505A4}.Release|Any CPU.ActiveCfg = Release|Any CPU
		{5E78A105-6968-446A-83C2-07F6B9D505A4}.Release|Any CPU.Build.0 = Release|Any CPU
		{5E78A105-6968-446A-83C2-07F6B9D505A4}.Release|x64.ActiveCfg = Release|Any CPU
		{5E78A105-6968-446A-83C2-07F6B9D505A4}.Release|x64.Build.0 = Release|Any CPU
		{5E78A105-6968-446A-83C2-07F6B9D505A4}.Release|x86.ActiveCfg = Release|Any CPU
		{5E78A105-6968-446A-83C2-07F6B9D505A4}.Release|x86.Build.0 = Release|Any CPU
		{70B8F1DB-17D9-47F8-BB0C-6607FCEAD785}.Debug|Any CPU.ActiveCfg = Debug|Any CPU
		{70B8F1DB-17D9-47F8-BB0C-6607FCEAD785}.Debug|Any CPU.Build.0 = Debug|Any CPU
		{70B8F1DB-17D9-47F8-BB0C-6607FCEAD785}.Debug|x64.ActiveCfg = Debug|Any CPU
		{70B8F1DB-17D9-47F8-BB0C-6607FCEAD785}.Debug|x64.Build.0 = Debug|Any CPU
		{70B8F1DB-17D9-47F8-BB0C-6607FCEAD785}.Debug|x86.ActiveCfg = Debug|Any CPU
		{70B8F1DB-17D9-47F8-BB0C-6607FCEAD785}.Debug|x86.Build.0 = Debug|Any CPU
		{70B8F1DB-17D9-47F8-BB0C-6607FCEAD785}.Release|Any CPU.ActiveCfg = Release|Any CPU
		{70B8F1DB-17D9-47F8-BB0C-6607FCEAD785}.Release|Any CPU.Build.0 = Release|Any CPU
		{70B8F1DB-17D9-47F8-BB0C-6607FCEAD785}.Release|x64.ActiveCfg = Release|Any CPU
		{70B8F1DB-17D9-47F8-BB0C-6607FCEAD785}.Release|x64.Build.0 = Release|Any CPU
		{70B8F1DB-17D9-47F8-BB0C-6607FCEAD785}.Release|x86.ActiveCfg = Release|Any CPU
		{70B8F1DB-17D9-47F8-BB0C-6607FCEAD785}.Release|x86.Build.0 = Release|Any CPU
		{2D729C3B-7693-436C-9145-3AAF7C01B711}.Debug|Any CPU.ActiveCfg = Debug|Any CPU
		{2D729C3B-7693-436C-9145-3AAF7C01B711}.Debug|Any CPU.Build.0 = Debug|Any CPU
		{2D729C3B-7693-436C-9145-3AAF7C01B711}.Debug|x64.ActiveCfg = Debug|Any CPU
		{2D729C3B-7693-436C-9145-3AAF7C01B711}.Debug|x64.Build.0 = Debug|Any CPU
		{2D729C3B-7693-436C-9145-3AAF7C01B711}.Debug|x86.ActiveCfg = Debug|Any CPU
		{2D729C3B-7693-436C-9145-3AAF7C01B711}.Debug|x86.Build.0 = Debug|Any CPU
		{2D729C3B-7693-436C-9145-3AAF7C01B711}.Release|Any CPU.ActiveCfg = Release|Any CPU
		{2D729C3B-7693-436C-9145-3AAF7C01B711}.Release|Any CPU.Build.0 = Release|Any CPU
		{2D729C3B-7693-436C-9145-3AAF7C01B711}.Release|x64.ActiveCfg = Release|Any CPU
		{2D729C3B-7693-436C-9145-3AAF7C01B711}.Release|x64.Build.0 = Release|Any CPU
		{2D729C3B-7693-436C-9145-3AAF7C01B711}.Release|x86.ActiveCfg = Release|Any CPU
		{2D729C3B-7693-436C-9145-3AAF7C01B711}.Release|x86.Build.0 = Release|Any CPU
		{B796FB31-07F0-44A4-9AD7-EEDCFAE6509C}.Debug|Any CPU.ActiveCfg = Debug|Any CPU
		{B796FB31-07F0-44A4-9AD7-EEDCFAE6509C}.Debug|Any CPU.Build.0 = Debug|Any CPU
		{B796FB31-07F0-44A4-9AD7-EEDCFAE6509C}.Debug|x64.ActiveCfg = Debug|Any CPU
		{B796FB31-07F0-44A4-9AD7-EEDCFAE6509C}.Debug|x64.Build.0 = Debug|Any CPU
		{B796FB31-07F0-44A4-9AD7-EEDCFAE6509C}.Debug|x86.ActiveCfg = Debug|Any CPU
		{B796FB31-07F0-44A4-9AD7-EEDCFAE6509C}.Debug|x86.Build.0 = Debug|Any CPU
		{B796FB31-07F0-44A4-9AD7-EEDCFAE6509C}.Release|Any CPU.ActiveCfg = Release|Any CPU
		{B796FB31-07F0-44A4-9AD7-EEDCFAE6509C}.Release|Any CPU.Build.0 = Release|Any CPU
		{B796FB31-07F0-44A4-9AD7-EEDCFAE6509C}.Release|x64.ActiveCfg = Release|Any CPU
		{B796FB31-07F0-44A4-9AD7-EEDCFAE6509C}.Release|x64.Build.0 = Release|Any CPU
		{B796FB31-07F0-44A4-9AD7-EEDCFAE6509C}.Release|x86.ActiveCfg = Release|Any CPU
		{B796FB31-07F0-44A4-9AD7-EEDCFAE6509C}.Release|x86.Build.0 = Release|Any CPU
		{0C9B4573-E7CB-446B-A029-F0222D513C5F}.Debug|Any CPU.ActiveCfg = Debug|Any CPU
		{0C9B4573-E7CB-446B-A029-F0222D513C5F}.Debug|Any CPU.Build.0 = Debug|Any CPU
		{0C9B4573-E7CB-446B-A029-F0222D513C5F}.Debug|x64.ActiveCfg = Debug|Any CPU
		{0C9B4573-E7CB-446B-A029-F0222D513C5F}.Debug|x64.Build.0 = Debug|Any CPU
		{0C9B4573-E7CB-446B-A029-F0222D513C5F}.Debug|x86.ActiveCfg = Debug|Any CPU
		{0C9B4573-E7CB-446B-A029-F0222D513C5F}.Debug|x86.Build.0 = Debug|Any CPU
		{0C9B4573-E7CB-446B-A029-F0222D513C5F}.Release|Any CPU.ActiveCfg = Release|Any CPU
		{0C9B4573-E7CB-446B-A029-F0222D513C5F}.Release|Any CPU.Build.0 = Release|Any CPU
		{0C9B4573-E7CB-446B-A029-F0222D513C5F}.Release|x64.ActiveCfg = Release|Any CPU
		{0C9B4573-E7CB-446B-A029-F0222D513C5F}.Release|x64.Build.0 = Release|Any CPU
		{0C9B4573-E7CB-446B-A029-F0222D513C5F}.Release|x86.ActiveCfg = Release|Any CPU
		{0C9B4573-E7CB-446B-A029-F0222D513C5F}.Release|x86.Build.0 = Release|Any CPU
		{0FA0E019-EF6E-46E6-B6BE-6C710F5E3FF1}.Debug|Any CPU.ActiveCfg = Debug|Any CPU
		{0FA0E019-EF6E-46E6-B6BE-6C710F5E3FF1}.Debug|Any CPU.Build.0 = Debug|Any CPU
		{0FA0E019-EF6E-46E6-B6BE-6C710F5E3FF1}.Debug|x64.ActiveCfg = Debug|Any CPU
		{0FA0E019-EF6E-46E6-B6BE-6C710F5E3FF1}.Debug|x64.Build.0 = Debug|Any CPU
		{0FA0E019-EF6E-46E6-B6BE-6C710F5E3FF1}.Debug|x86.ActiveCfg = Debug|Any CPU
		{0FA0E019-EF6E-46E6-B6BE-6C710F5E3FF1}.Debug|x86.Build.0 = Debug|Any CPU
		{0FA0E019-EF6E-46E6-B6BE-6C710F5E3FF1}.Release|Any CPU.ActiveCfg = Release|Any CPU
		{0FA0E019-EF6E-46E6-B6BE-6C710F5E3FF1}.Release|Any CPU.Build.0 = Release|Any CPU
		{0FA0E019-EF6E-46E6-B6BE-6C710F5E3FF1}.Release|x64.ActiveCfg = Release|Any CPU
		{0FA0E019-EF6E-46E6-B6BE-6C710F5E3FF1}.Release|x64.Build.0 = Release|Any CPU
		{0FA0E019-EF6E-46E6-B6BE-6C710F5E3FF1}.Release|x86.ActiveCfg = Release|Any CPU
		{0FA0E019-EF6E-46E6-B6BE-6C710F5E3FF1}.Release|x86.Build.0 = Release|Any CPU
		{4818D5FD-D03E-4A65-8420-A9BBF857E2D6}.Debug|Any CPU.ActiveCfg = Debug|Any CPU
		{4818D5FD-D03E-4A65-8420-A9BBF857E2D6}.Debug|Any CPU.Build.0 = Debug|Any CPU
		{4818D5FD-D03E-4A65-8420-A9BBF857E2D6}.Debug|x64.ActiveCfg = Debug|Any CPU
		{4818D5FD-D03E-4A65-8420-A9BBF857E2D6}.Debug|x64.Build.0 = Debug|Any CPU
		{4818D5FD-D03E-4A65-8420-A9BBF857E2D6}.Debug|x86.ActiveCfg = Debug|Any CPU
		{4818D5FD-D03E-4A65-8420-A9BBF857E2D6}.Debug|x86.Build.0 = Debug|Any CPU
		{4818D5FD-D03E-4A65-8420-A9BBF857E2D6}.Release|Any CPU.ActiveCfg = Release|Any CPU
		{4818D5FD-D03E-4A65-8420-A9BBF857E2D6}.Release|Any CPU.Build.0 = Release|Any CPU
		{4818D5FD-D03E-4A65-8420-A9BBF857E2D6}.Release|x64.ActiveCfg = Release|Any CPU
		{4818D5FD-D03E-4A65-8420-A9BBF857E2D6}.Release|x64.Build.0 = Release|Any CPU
		{4818D5FD-D03E-4A65-8420-A9BBF857E2D6}.Release|x86.ActiveCfg = Release|Any CPU
		{4818D5FD-D03E-4A65-8420-A9BBF857E2D6}.Release|x86.Build.0 = Release|Any CPU
		{8856FAF5-1581-4294-A71D-BA3558E5828E}.Debug|Any CPU.ActiveCfg = Debug|Any CPU
		{8856FAF5-1581-4294-A71D-BA3558E5828E}.Debug|Any CPU.Build.0 = Debug|Any CPU
		{8856FAF5-1581-4294-A71D-BA3558E5828E}.Debug|x64.ActiveCfg = Debug|Any CPU
		{8856FAF5-1581-4294-A71D-BA3558E5828E}.Debug|x64.Build.0 = Debug|Any CPU
		{8856FAF5-1581-4294-A71D-BA3558E5828E}.Debug|x86.ActiveCfg = Debug|Any CPU
		{8856FAF5-1581-4294-A71D-BA3558E5828E}.Debug|x86.Build.0 = Debug|Any CPU
		{8856FAF5-1581-4294-A71D-BA3558E5828E}.Release|Any CPU.ActiveCfg = Release|Any CPU
		{8856FAF5-1581-4294-A71D-BA3558E5828E}.Release|Any CPU.Build.0 = Release|Any CPU
		{8856FAF5-1581-4294-A71D-BA3558E5828E}.Release|x64.ActiveCfg = Release|Any CPU
		{8856FAF5-1581-4294-A71D-BA3558E5828E}.Release|x64.Build.0 = Release|Any CPU
		{8856FAF5-1581-4294-A71D-BA3558E5828E}.Release|x86.ActiveCfg = Release|Any CPU
		{8856FAF5-1581-4294-A71D-BA3558E5828E}.Release|x86.Build.0 = Release|Any CPU
		{230AF496-F0D8-43EF-BC93-386527CBC1C0}.Debug|Any CPU.ActiveCfg = Debug|Any CPU
		{230AF496-F0D8-43EF-BC93-386527CBC1C0}.Debug|Any CPU.Build.0 = Debug|Any CPU
		{230AF496-F0D8-43EF-BC93-386527CBC1C0}.Debug|x64.ActiveCfg = Debug|Any CPU
		{230AF496-F0D8-43EF-BC93-386527CBC1C0}.Debug|x64.Build.0 = Debug|Any CPU
		{230AF496-F0D8-43EF-BC93-386527CBC1C0}.Debug|x86.ActiveCfg = Debug|Any CPU
		{230AF496-F0D8-43EF-BC93-386527CBC1C0}.Debug|x86.Build.0 = Debug|Any CPU
		{230AF496-F0D8-43EF-BC93-386527CBC1C0}.Release|Any CPU.ActiveCfg = Release|Any CPU
		{230AF496-F0D8-43EF-BC93-386527CBC1C0}.Release|Any CPU.Build.0 = Release|Any CPU
		{230AF496-F0D8-43EF-BC93-386527CBC1C0}.Release|x64.ActiveCfg = Release|Any CPU
		{230AF496-F0D8-43EF-BC93-386527CBC1C0}.Release|x64.Build.0 = Release|Any CPU
		{230AF496-F0D8-43EF-BC93-386527CBC1C0}.Release|x86.ActiveCfg = Release|Any CPU
		{230AF496-F0D8-43EF-BC93-386527CBC1C0}.Release|x86.Build.0 = Release|Any CPU
		{171B6AB3-E2A8-438C-BD01-293DBB490A48}.Debug|Any CPU.ActiveCfg = Debug|Any CPU
		{171B6AB3-E2A8-438C-BD01-293DBB490A48}.Debug|Any CPU.Build.0 = Debug|Any CPU
		{171B6AB3-E2A8-438C-BD01-293DBB490A48}.Debug|x64.ActiveCfg = Debug|Any CPU
		{171B6AB3-E2A8-438C-BD01-293DBB490A48}.Debug|x64.Build.0 = Debug|Any CPU
		{171B6AB3-E2A8-438C-BD01-293DBB490A48}.Debug|x86.ActiveCfg = Debug|Any CPU
		{171B6AB3-E2A8-438C-BD01-293DBB490A48}.Debug|x86.Build.0 = Debug|Any CPU
		{171B6AB3-E2A8-438C-BD01-293DBB490A48}.Release|Any CPU.ActiveCfg = Release|Any CPU
		{171B6AB3-E2A8-438C-BD01-293DBB490A48}.Release|Any CPU.Build.0 = Release|Any CPU
		{171B6AB3-E2A8-438C-BD01-293DBB490A48}.Release|x64.ActiveCfg = Release|Any CPU
		{171B6AB3-E2A8-438C-BD01-293DBB490A48}.Release|x64.Build.0 = Release|Any CPU
		{171B6AB3-E2A8-438C-BD01-293DBB490A48}.Release|x86.ActiveCfg = Release|Any CPU
		{171B6AB3-E2A8-438C-BD01-293DBB490A48}.Release|x86.Build.0 = Release|Any CPU
		{5E5F8B69-993F-4330-8582-542EC48C3B69}.Debug|Any CPU.ActiveCfg = Debug|Any CPU
		{5E5F8B69-993F-4330-8582-542EC48C3B69}.Debug|Any CPU.Build.0 = Debug|Any CPU
		{5E5F8B69-993F-4330-8582-542EC48C3B69}.Debug|x64.ActiveCfg = Debug|Any CPU
		{5E5F8B69-993F-4330-8582-542EC48C3B69}.Debug|x64.Build.0 = Debug|Any CPU
		{5E5F8B69-993F-4330-8582-542EC48C3B69}.Debug|x86.ActiveCfg = Debug|Any CPU
		{5E5F8B69-993F-4330-8582-542EC48C3B69}.Debug|x86.Build.0 = Debug|Any CPU
		{5E5F8B69-993F-4330-8582-542EC48C3B69}.Release|Any CPU.ActiveCfg = Release|Any CPU
		{5E5F8B69-993F-4330-8582-542EC48C3B69}.Release|Any CPU.Build.0 = Release|Any CPU
		{5E5F8B69-993F-4330-8582-542EC48C3B69}.Release|x64.ActiveCfg = Release|Any CPU
		{5E5F8B69-993F-4330-8582-542EC48C3B69}.Release|x64.Build.0 = Release|Any CPU
		{5E5F8B69-993F-4330-8582-542EC48C3B69}.Release|x86.ActiveCfg = Release|Any CPU
		{5E5F8B69-993F-4330-8582-542EC48C3B69}.Release|x86.Build.0 = Release|Any CPU
		{CE744874-4649-4133-B67E-C13CBEF59C5E}.Debug|Any CPU.ActiveCfg = Debug|Any CPU
		{CE744874-4649-4133-B67E-C13CBEF59C5E}.Debug|x64.ActiveCfg = Debug|Any CPU
		{CE744874-4649-4133-B67E-C13CBEF59C5E}.Debug|x86.ActiveCfg = Debug|Any CPU
		{CE744874-4649-4133-B67E-C13CBEF59C5E}.Release|Any CPU.ActiveCfg = Release|Any CPU
		{CE744874-4649-4133-B67E-C13CBEF59C5E}.Release|x64.ActiveCfg = Release|Any CPU
		{CE744874-4649-4133-B67E-C13CBEF59C5E}.Release|x86.ActiveCfg = Release|Any CPU
		{8D0FE3A4-B731-4257-8DF5-63F8D985D7E5}.Debug|Any CPU.ActiveCfg = Debug|Any CPU
		{8D0FE3A4-B731-4257-8DF5-63F8D985D7E5}.Debug|Any CPU.Build.0 = Debug|Any CPU
		{8D0FE3A4-B731-4257-8DF5-63F8D985D7E5}.Debug|x64.ActiveCfg = Debug|Any CPU
		{8D0FE3A4-B731-4257-8DF5-63F8D985D7E5}.Debug|x64.Build.0 = Debug|Any CPU
		{8D0FE3A4-B731-4257-8DF5-63F8D985D7E5}.Debug|x86.ActiveCfg = Debug|Any CPU
		{8D0FE3A4-B731-4257-8DF5-63F8D985D7E5}.Debug|x86.Build.0 = Debug|Any CPU
		{8D0FE3A4-B731-4257-8DF5-63F8D985D7E5}.Release|Any CPU.ActiveCfg = Release|Any CPU
		{8D0FE3A4-B731-4257-8DF5-63F8D985D7E5}.Release|Any CPU.Build.0 = Release|Any CPU
		{8D0FE3A4-B731-4257-8DF5-63F8D985D7E5}.Release|x64.ActiveCfg = Release|Any CPU
		{8D0FE3A4-B731-4257-8DF5-63F8D985D7E5}.Release|x64.Build.0 = Release|Any CPU
		{8D0FE3A4-B731-4257-8DF5-63F8D985D7E5}.Release|x86.ActiveCfg = Release|Any CPU
		{8D0FE3A4-B731-4257-8DF5-63F8D985D7E5}.Release|x86.Build.0 = Release|Any CPU
		{1D46D53D-E727-41D7-9294-0E8761F2E615}.Debug|Any CPU.ActiveCfg = Debug|Any CPU
		{1D46D53D-E727-41D7-9294-0E8761F2E615}.Debug|Any CPU.Build.0 = Debug|Any CPU
		{1D46D53D-E727-41D7-9294-0E8761F2E615}.Debug|x64.ActiveCfg = Debug|Any CPU
		{1D46D53D-E727-41D7-9294-0E8761F2E615}.Debug|x64.Build.0 = Debug|Any CPU
		{1D46D53D-E727-41D7-9294-0E8761F2E615}.Debug|x86.ActiveCfg = Debug|Any CPU
		{1D46D53D-E727-41D7-9294-0E8761F2E615}.Debug|x86.Build.0 = Debug|Any CPU
		{1D46D53D-E727-41D7-9294-0E8761F2E615}.Release|Any CPU.ActiveCfg = Release|Any CPU
		{1D46D53D-E727-41D7-9294-0E8761F2E615}.Release|Any CPU.Build.0 = Release|Any CPU
		{1D46D53D-E727-41D7-9294-0E8761F2E615}.Release|x64.ActiveCfg = Release|Any CPU
		{1D46D53D-E727-41D7-9294-0E8761F2E615}.Release|x64.Build.0 = Release|Any CPU
		{1D46D53D-E727-41D7-9294-0E8761F2E615}.Release|x86.ActiveCfg = Release|Any CPU
		{1D46D53D-E727-41D7-9294-0E8761F2E615}.Release|x86.Build.0 = Release|Any CPU
		{FC3AC95C-E4E0-44CB-855E-F9C0DF52625F}.Debug|Any CPU.ActiveCfg = Debug|Any CPU
		{FC3AC95C-E4E0-44CB-855E-F9C0DF52625F}.Debug|Any CPU.Build.0 = Debug|Any CPU
		{FC3AC95C-E4E0-44CB-855E-F9C0DF52625F}.Debug|x64.ActiveCfg = Debug|Any CPU
		{FC3AC95C-E4E0-44CB-855E-F9C0DF52625F}.Debug|x64.Build.0 = Debug|Any CPU
		{FC3AC95C-E4E0-44CB-855E-F9C0DF52625F}.Debug|x86.ActiveCfg = Debug|Any CPU
		{FC3AC95C-E4E0-44CB-855E-F9C0DF52625F}.Debug|x86.Build.0 = Debug|Any CPU
		{FC3AC95C-E4E0-44CB-855E-F9C0DF52625F}.Release|Any CPU.ActiveCfg = Release|Any CPU
		{FC3AC95C-E4E0-44CB-855E-F9C0DF52625F}.Release|Any CPU.Build.0 = Release|Any CPU
		{FC3AC95C-E4E0-44CB-855E-F9C0DF52625F}.Release|x64.ActiveCfg = Release|Any CPU
		{FC3AC95C-E4E0-44CB-855E-F9C0DF52625F}.Release|x64.Build.0 = Release|Any CPU
		{FC3AC95C-E4E0-44CB-855E-F9C0DF52625F}.Release|x86.ActiveCfg = Release|Any CPU
		{FC3AC95C-E4E0-44CB-855E-F9C0DF52625F}.Release|x86.Build.0 = Release|Any CPU
		{7E697A37-B74C-480C-9FF6-F979C7DCF315}.Debug|Any CPU.ActiveCfg = Debug|Any CPU
		{7E697A37-B74C-480C-9FF6-F979C7DCF315}.Debug|Any CPU.Build.0 = Debug|Any CPU
		{7E697A37-B74C-480C-9FF6-F979C7DCF315}.Debug|x64.ActiveCfg = Debug|Any CPU
		{7E697A37-B74C-480C-9FF6-F979C7DCF315}.Debug|x64.Build.0 = Debug|Any CPU
		{7E697A37-B74C-480C-9FF6-F979C7DCF315}.Debug|x86.ActiveCfg = Debug|Any CPU
		{7E697A37-B74C-480C-9FF6-F979C7DCF315}.Debug|x86.Build.0 = Debug|Any CPU
		{7E697A37-B74C-480C-9FF6-F979C7DCF315}.Release|Any CPU.ActiveCfg = Release|Any CPU
		{7E697A37-B74C-480C-9FF6-F979C7DCF315}.Release|Any CPU.Build.0 = Release|Any CPU
		{7E697A37-B74C-480C-9FF6-F979C7DCF315}.Release|x64.ActiveCfg = Release|Any CPU
		{7E697A37-B74C-480C-9FF6-F979C7DCF315}.Release|x64.Build.0 = Release|Any CPU
		{7E697A37-B74C-480C-9FF6-F979C7DCF315}.Release|x86.ActiveCfg = Release|Any CPU
		{7E697A37-B74C-480C-9FF6-F979C7DCF315}.Release|x86.Build.0 = Release|Any CPU
		{79AA409F-5084-462E-A47B-F81F04176632}.Debug|Any CPU.ActiveCfg = Debug|Any CPU
		{79AA409F-5084-462E-A47B-F81F04176632}.Debug|Any CPU.Build.0 = Debug|Any CPU
		{79AA409F-5084-462E-A47B-F81F04176632}.Debug|x64.ActiveCfg = Debug|Any CPU
		{79AA409F-5084-462E-A47B-F81F04176632}.Debug|x64.Build.0 = Debug|Any CPU
		{79AA409F-5084-462E-A47B-F81F04176632}.Debug|x86.ActiveCfg = Debug|Any CPU
		{79AA409F-5084-462E-A47B-F81F04176632}.Debug|x86.Build.0 = Debug|Any CPU
		{79AA409F-5084-462E-A47B-F81F04176632}.Release|Any CPU.ActiveCfg = Release|Any CPU
		{79AA409F-5084-462E-A47B-F81F04176632}.Release|Any CPU.Build.0 = Release|Any CPU
		{79AA409F-5084-462E-A47B-F81F04176632}.Release|x64.ActiveCfg = Release|Any CPU
		{79AA409F-5084-462E-A47B-F81F04176632}.Release|x64.Build.0 = Release|Any CPU
		{79AA409F-5084-462E-A47B-F81F04176632}.Release|x86.ActiveCfg = Release|Any CPU
		{79AA409F-5084-462E-A47B-F81F04176632}.Release|x86.Build.0 = Release|Any CPU
	EndGlobalSection
EndGlobal
